# THIS IS AN AUTOGENERATED FILE. DO NOT EDIT THIS FILE DIRECTLY.
# yarn lockfile v1


"argparse@^2.0.1":
  "integrity" "sha512-8+9WqebbFzpX9OR+Wa6O29asIogeRMzcGtAINdpMHHyAg10f05aSFVBbcEqGf/PXw1EjAZ+q2/bEBg3DvurK3Q=="
  "resolved" "https://registry.npmjs.org/argparse/-/argparse-2.0.1.tgz"
  "version" "2.0.1"

"entities@~2.1.0":
  "integrity" "sha512-hCx1oky9PFrJ611mf0ifBLBRW8lUUVRlFolb5gWRfIELabBlbp9xZvrqZLZAs+NxFnbfQoeGd8wDkygjg7U85w=="
  "resolved" "https://registry.npmjs.org/entities/-/entities-2.1.0.tgz"
  "version" "2.1.0"

"jquery@^3.6.0":
  "integrity" "sha512-JVzAR/AjBvVt2BmYhxRCSYysDsPcssdmTFnzyLEts9qNwmjmu4JTAMYubEfwVOSwpQ1I1sKKFcxhZCI2buerfw=="
  "resolved" "https://registry.npmjs.org/jquery/-/jquery-3.6.0.tgz"
  "version" "3.6.0"

"linkify-it@^3.0.1":
  "integrity" "sha512-gDBO4aHNZS6coiZCKVhSNh43F9ioIL4JwRjLZPkoLIY4yZFwg264Y5lu2x6rb1Js42Gh6Yqm2f6L2AJcnkzinQ=="
  "resolved" "https://registry.npmjs.org/linkify-it/-/linkify-it-3.0.2.tgz"
  "version" "3.0.2"
  dependencies:
    "uc.micro" "^1.0.1"

"markdown-it@^12.1.0":
  "integrity" "sha512-7temG6IFOOxfU0SgzhqR+vr2diuMhyO5uUIEZ3C5NbXhqC9uFUHoU41USYuDFoZRsaY7BEIEei874Z20VMLF6A=="
  "resolved" "https://registry.npmjs.org/markdown-it/-/markdown-it-12.1.0.tgz"
  "version" "12.1.0"
  dependencies:
    "argparse" "^2.0.1"
    "entities" "~2.1.0"
    "linkify-it" "^3.0.1"
    "mdurl" "^1.0.1"
    "uc.micro" "^1.0.5"

"mdurl@^1.0.1":
  "integrity" "sha1-/oWy7HWlkDfyrf7BAP1sYBdhFS4="
  "resolved" "https://registry.npmjs.org/mdurl/-/mdurl-1.0.1.tgz"
  "version" "1.0.1"

"uc.micro@^1.0.1", "uc.micro@^1.0.5":
  "integrity" "sha512-8Y75pvTYkLJW2hWQHXxoqRgV7qb9B+9vFEtidML+7koHUFapnVJAZ6cKs+Qjz5Aw3aZWHMC6u0wJE3At+nSGwA=="
  "resolved" "https://registry.npmjs.org/uc.micro/-/uc.micro-1.0.6.tgz"
  "version" "1.0.6"
